// !$*UTF8*$!
{
	archiveVersion = 1;
	classes = {
	};
	objectVersion = 55;
	objects = {

/* Begin PBXBuildFile section */
		290F57C728540A5F00CEC731 /* GamesTab.swift in Sources */ = {isa = PBXBuildFile; fileRef = 290F57C628540A5F00CEC731 /* GamesTab.swift */; };
		290F57CC2854EFF500CEC731 /* Model.swift in Sources */ = {isa = PBXBuildFile; fileRef = 290F57CB2854EFF500CEC731 /* Model.swift */; };
		290F57CE2854F28700CEC731 /* ViewModel.swift in Sources */ = {isa = PBXBuildFile; fileRef = 290F57CD2854F28700CEC731 /* ViewModel.swift */; };
		290F57D02854FEB500CEC731 /* StartTab.swift in Sources */ = {isa = PBXBuildFile; fileRef = 290F57CF2854FEB500CEC731 /* StartTab.swift */; };
		290F57D328550C5200CEC731 /* Kingfisher in Frameworks */ = {isa = PBXBuildFile; productRef = 290F57D228550C5200CEC731 /* Kingfisher */; };
		290F57D52855246E00CEC731 /* GameDetails.swift in Sources */ = {isa = PBXBuildFile; fileRef = 290F57D42855246E00CEC731 /* GameDetails.swift */; };
		290F57D728565C0000CEC731 /* SearchGame.swift in Sources */ = {isa = PBXBuildFile; fileRef = 290F57D628565C0000CEC731 /* SearchGame.swift */; };
		290F57D92856681700CEC731 /* FavoritesTab.swift in Sources */ = {isa = PBXBuildFile; fileRef = 290F57D82856681700CEC731 /* FavoritesTab.swift */; };
		290F57DB28566D2E00CEC731 /* ProfileTab.swift in Sources */ = {isa = PBXBuildFile; fileRef = 290F57DA28566D2E00CEC731 /* ProfileTab.swift */; };
		290F57DE2856757100CEC731 /* EditProfileScreen.swift in Sources */ = {isa = PBXBuildFile; fileRef = 290F57DD2856757100CEC731 /* EditProfileScreen.swift */; };
		290F57E02856BEFF00CEC731 /* SaveData.swift in Sources */ = {isa = PBXBuildFile; fileRef = 290F57DF2856BEFF00CEC731 /* SaveData.swift */; };
		2923360E284F8F010051B34C /* TabScreen.swift in Sources */ = {isa = PBXBuildFile; fileRef = 2923360D284F8F010051B34C /* TabScreen.swift */; };
		2987A107285B6837000717CD /* OffsetPosition.swift in Sources */ = {isa = PBXBuildFile; fileRef = 2987A106285B6837000717CD /* OffsetPosition.swift */; };
		2987A10A285B6E44000717CD /* GeometryReaderX.swift in Sources */ = {isa = PBXBuildFile; fileRef = 2987A109285B6E44000717CD /* GeometryReaderX.swift */; };
		29A45456286A543A007B6F64 /* SUImagePickerView.swift in Sources */ = {isa = PBXBuildFile; fileRef = 29A45455286A543A007B6F64 /* SUImagePickerView.swift */; };
		29FD547A284E382E00BC3A0E /* GameStreamApp.swift in Sources */ = {isa = PBXBuildFile; fileRef = 29FD5479284E382E00BC3A0E /* GameStreamApp.swift */; };
		29FD547C284E382E00BC3A0E /* ContentView.swift in Sources */ = {isa = PBXBuildFile; fileRef = 29FD547B284E382E00BC3A0E /* ContentView.swift */; };
		29FD547E284E383000BC3A0E /* Assets.xcassets in Resources */ = {isa = PBXBuildFile; fileRef = 29FD547D284E383000BC3A0E /* Assets.xcassets */; };
		29FD5481284E383000BC3A0E /* Preview Assets.xcassets in Resources */ = {isa = PBXBuildFile; fileRef = 29FD5480284E383000BC3A0E /* Preview Assets.xcassets */; };
/* End PBXBuildFile section */

/* Begin PBXFileReference section */
		290F57C628540A5F00CEC731 /* GamesTab.swift */ = {isa = PBXFileReference; lastKnownFileType = sourcecode.swift; path = GamesTab.swift; sourceTree = "<group>"; };
		290F57CB2854EFF500CEC731 /* Model.swift */ = {isa = PBXFileReference; lastKnownFileType = sourcecode.swift; path = Model.swift; sourceTree = "<group>"; };
		290F57CD2854F28700CEC731 /* ViewModel.swift */ = {isa = PBXFileReference; lastKnownFileType = sourcecode.swift; path = ViewModel.swift; sourceTree = "<group>"; };
		290F57CF2854FEB500CEC731 /* StartTab.swift */ = {isa = PBXFileReference; lastKnownFileType = sourcecode.swift; path = StartTab.swift; sourceTree = "<group>"; };
		290F57D42855246E00CEC731 /* GameDetails.swift */ = {isa = PBXFileReference; lastKnownFileType = sourcecode.swift; path = GameDetails.swift; sourceTree = "<group>"; };
		290F57D628565C0000CEC731 /* SearchGame.swift */ = {isa = PBXFileReference; lastKnownFileType = sourcecode.swift; path = SearchGame.swift; sourceTree = "<group>"; };
		290F57D82856681700CEC731 /* FavoritesTab.swift */ = {isa = PBXFileReference; lastKnownFileType = sourcecode.swift; path = FavoritesTab.swift; sourceTree = "<group>"; };
		290F57DA28566D2E00CEC731 /* ProfileTab.swift */ = {isa = PBXFileReference; lastKnownFileType = sourcecode.swift; path = ProfileTab.swift; sourceTree = "<group>"; };
		290F57DD2856757100CEC731 /* EditProfileScreen.swift */ = {isa = PBXFileReference; lastKnownFileType = sourcecode.swift; path = EditProfileScreen.swift; sourceTree = "<group>"; };
		290F57DF2856BEFF00CEC731 /* SaveData.swift */ = {isa = PBXFileReference; lastKnownFileType = sourcecode.swift; path = SaveData.swift; sourceTree = "<group>"; };
		2923360D284F8F010051B34C /* TabScreen.swift */ = {isa = PBXFileReference; lastKnownFileType = sourcecode.swift; path = TabScreen.swift; sourceTree = "<group>"; };
		2987A106285B6837000717CD /* OffsetPosition.swift */ = {isa = PBXFileReference; lastKnownFileType = sourcecode.swift; path = OffsetPosition.swift; sourceTree = "<group>"; };
		2987A109285B6E44000717CD /* GeometryReaderX.swift */ = {isa = PBXFileReference; lastKnownFileType = sourcecode.swift; path = GeometryReaderX.swift; sourceTree = "<group>"; };
		29A45455286A543A007B6F64 /* SUImagePickerView.swift */ = {isa = PBXFileReference; lastKnownFileType = sourcecode.swift; path = SUImagePickerView.swift; sourceTree = "<group>"; };
		29FD5476284E382E00BC3A0E /* GameStream.app */ = {isa = PBXFileReference; explicitFileType = wrapper.application; includeInIndex = 0; path = GameStream.app; sourceTree = BUILT_PRODUCTS_DIR; };
		29FD5479284E382E00BC3A0E /* GameStreamApp.swift */ = {isa = PBXFileReference; lastKnownFileType = sourcecode.swift; path = GameStreamApp.swift; sourceTree = "<group>"; };
		29FD547B284E382E00BC3A0E /* ContentView.swift */ = {isa = PBXFileReference; lastKnownFileType = sourcecode.swift; path = ContentView.swift; sourceTree = "<group>"; };
		29FD547D284E383000BC3A0E /* Assets.xcassets */ = {isa = PBXFileReference; lastKnownFileType = folder.assetcatalog; path = Assets.xcassets; sourceTree = "<group>"; };
		29FD5480284E383000BC3A0E /* Preview Assets.xcassets */ = {isa = PBXFileReference; lastKnownFileType = folder.assetcatalog; path = "Preview Assets.xcassets"; sourceTree = "<group>"; };
/* End PBXFileReference section */

/* Begin PBXFrameworksBuildPhase section */
		29FD5473284E382E00BC3A0E /* Frameworks */ = {
			isa = PBXFrameworksBuildPhase;
			buildActionMask = 2147483647;
			files = (
				290F57D328550C5200CEC731 /* Kingfisher in Frameworks */,
			);
			runOnlyForDeploymentPostprocessing = 0;
		};
/* End PBXFrameworksBuildPhase section */

/* Begin PBXGroup section */
		290F57C828540C5300CEC731 /* view */ = {
			isa = PBXGroup;
			children = (
				29FD547B284E382E00BC3A0E /* ContentView.swift */,
				2923360D284F8F010051B34C /* TabScreen.swift */,
				290F57C628540A5F00CEC731 /* GamesTab.swift */,
				290F57CF2854FEB500CEC731 /* StartTab.swift */,
				290F57D82856681700CEC731 /* FavoritesTab.swift */,
				290F57DA28566D2E00CEC731 /* ProfileTab.swift */,
				290F57D42855246E00CEC731 /* GameDetails.swift */,
				290F57DD2856757100CEC731 /* EditProfileScreen.swift */,
			);
			path = view;
			sourceTree = "<group>";
		};
		290F57C928540EC000CEC731 /* model */ = {
			isa = PBXGroup;
			children = (
				290F57CB2854EFF500CEC731 /* Model.swift */,
				29A45455286A543A007B6F64 /* SUImagePickerView.swift */,
			);
			path = model;
			sourceTree = "<group>";
		};
		290F57CA28540EDA00CEC731 /* viewmodel */ = {
			isa = PBXGroup;
			children = (
				290F57CD2854F28700CEC731 /* ViewModel.swift */,
				290F57D628565C0000CEC731 /* SearchGame.swift */,
				290F57DF2856BEFF00CEC731 /* SaveData.swift */,
			);
			path = viewmodel;
			sourceTree = "<group>";
		};
		2987A108285B6AFD000717CD /* tests */ = {
			isa = PBXGroup;
			children = (
				2987A106285B6837000717CD /* OffsetPosition.swift */,
				2987A109285B6E44000717CD /* GeometryReaderX.swift */,
			);
			path = tests;
			sourceTree = "<group>";
		};
		29FD546D284E382E00BC3A0E = {
			isa = PBXGroup;
			children = (
				29FD5478284E382E00BC3A0E /* GameStream */,
				29FD5477284E382E00BC3A0E /* Products */,
			);
			sourceTree = "<group>";
		};
		29FD5477284E382E00BC3A0E /* Products */ = {
			isa = PBXGroup;
			children = (
				29FD5476284E382E00BC3A0E /* GameStream.app */,
			);
			name = Products;
			sourceTree = "<group>";
		};
		29FD5478284E382E00BC3A0E /* GameStream */ = {
			isa = PBXGroup;
			children = (
				2987A108285B6AFD000717CD /* tests */,
				290F57CA28540EDA00CEC731 /* viewmodel */,
				290F57C928540EC000CEC731 /* model */,
				290F57C828540C5300CEC731 /* view */,
				29FD5479284E382E00BC3A0E /* GameStreamApp.swift */,
				29FD547D284E383000BC3A0E /* Assets.xcassets */,
				29FD547F284E383000BC3A0E /* Preview Content */,
			);
			path = GameStream;
			sourceTree = "<group>";
		};
		29FD547F284E383000BC3A0E /* Preview Content */ = {
			isa = PBXGroup;
			children = (
				29FD5480284E383000BC3A0E /* Preview Assets.xcassets */,
			);
			path = "Preview Content";
			sourceTree = "<group>";
		};
/* End PBXGroup section */

/* Begin PBXNativeTarget section */
		29FD5475284E382E00BC3A0E /* GameStream */ = {
			isa = PBXNativeTarget;
			buildConfigurationList = 29FD5484284E383000BC3A0E /* Build configuration list for PBXNativeTarget "GameStream" */;
			buildPhases = (
				29FD5472284E382E00BC3A0E /* Sources */,
				29FD5473284E382E00BC3A0E /* Frameworks */,
				29FD5474284E382E00BC3A0E /* Resources */,
			);
			buildRules = (
			);
			dependencies = (
			);
			name = GameStream;
			packageProductDependencies = (
				290F57D228550C5200CEC731 /* Kingfisher */,
			);
			productName = GameStream;
			productReference = 29FD5476284E382E00BC3A0E /* GameStream.app */;
			productType = "com.apple.product-type.application";
		};
/* End PBXNativeTarget section */

/* Begin PBXProject section */
		29FD546E284E382E00BC3A0E /* Project object */ = {
			isa = PBXProject;
			attributes = {
				BuildIndependentTargetsInParallel = 1;
				LastSwiftUpdateCheck = 1330;
				LastUpgradeCheck = 1330;
				TargetAttributes = {
					29FD5475284E382E00BC3A0E = {
						CreatedOnToolsVersion = 13.3.1;
					};
				};
			};
			buildConfigurationList = 29FD5471284E382E00BC3A0E /* Build configuration list for PBXProject "GameStream" */;
			compatibilityVersion = "Xcode 13.0";
			developmentRegion = en;
			hasScannedForEncodings = 0;
			knownRegions = (
				en,
				Base,
			);
			mainGroup = 29FD546D284E382E00BC3A0E;
			packageReferences = (
				290F57D128550C5200CEC731 /* XCRemoteSwiftPackageReference "Kingfisher" */,
			);
			productRefGroup = 29FD5477284E382E00BC3A0E /* Products */;
			projectDirPath = "";
			projectRoot = "";
			targets = (
				29FD5475284E382E00BC3A0E /* GameStream */,
			);
		};
/* End PBXProject section */

/* Begin PBXResourcesBuildPhase section */
		29FD5474284E382E00BC3A0E /* Resources */ = {
			isa = PBXResourcesBuildPhase;
			buildActionMask = 2147483647;
			files = (
				29FD5481284E383000BC3A0E /* Preview Assets.xcassets in Resources */,
				29FD547E284E383000BC3A0E /* Assets.xcassets in Resources */,
			);
			runOnlyForDeploymentPostprocessing = 0;
		};
/* End PBXResourcesBuildPhase section */

/* Begin PBXSourcesBuildPhase section */
		29FD5472284E382E00BC3A0E /* Sources */ = {
			isa = PBXSourcesBuildPhase;
			buildActionMask = 2147483647;
			files = (
				290F57CC2854EFF500CEC731 /* Model.swift in Sources */,
				290F57D728565C0000CEC731 /* SearchGame.swift in Sources */,
				290F57E02856BEFF00CEC731 /* SaveData.swift in Sources */,
				29FD547C284E382E00BC3A0E /* ContentView.swift in Sources */,
				290F57D92856681700CEC731 /* FavoritesTab.swift in Sources */,
				290F57C728540A5F00CEC731 /* GamesTab.swift in Sources */,
				29A45456286A543A007B6F64 /* SUImagePickerView.swift in Sources */,
				290F57DE2856757100CEC731 /* EditProfileScreen.swift in Sources */,
				2987A10A285B6E44000717CD /* GeometryReaderX.swift in Sources */,
				290F57D02854FEB500CEC731 /* StartTab.swift in Sources */,
				290F57D52855246E00CEC731 /* GameDetails.swift in Sources */,
				290F57DB28566D2E00CEC731 /* ProfileTab.swift in Sources */,
				2987A107285B6837000717CD /* OffsetPosition.swift in Sources */,
				29FD547A284E382E00BC3A0E /* GameStreamApp.swift in Sources */,
				290F57CE2854F28700CEC731 /* ViewModel.swift in Sources */,
				2923360E284F8F010051B34C /* TabScreen.swift in Sources */,
			);
			runOnlyForDeploymentPostprocessing = 0;
		};
/* End PBXSourcesBuildPhase section */

/* Begin XCBuildConfiguration section */
		29FD5482284E383000BC3A0E /* Debug */ = {
			isa = XCBuildConfiguration;
			buildSettings = {
				ALWAYS_SEARCH_USER_PATHS = NO;
				CLANG_ANALYZER_NONNULL = YES;
				CLANG_ANALYZER_NUMBER_OBJECT_CONVERSION = YES_AGGRESSIVE;
				CLANG_CXX_LANGUAGE_STANDARD = "gnu++17";
				CLANG_ENABLE_MODULES = YES;
				CLANG_ENABLE_OBJC_ARC = YES;
				CLANG_ENABLE_OBJC_WEAK = YES;
				CLANG_WARN_BLOCK_CAPTURE_AUTORELEASING = YES;
				CLANG_WARN_BOOL_CONVERSION = YES;
				CLANG_WARN_COMMA = YES;
				CLANG_WARN_CONSTANT_CONVERSION = YES;
				CLANG_WARN_DEPRECATED_OBJC_IMPLEMENTATIONS = YES;
				CLANG_WARN_DIRECT_OBJC_ISA_USAGE = YES_ERROR;
				CLANG_WARN_DOCUMENTATION_COMMENTS = YES;
				CLANG_WARN_EMPTY_BODY = YES;
				CLANG_WARN_ENUM_CONVERSION = YES;
				CLANG_WARN_INFINITE_RECURSION = YES;
				CLANG_WARN_INT_CONVERSION = YES;
				CLANG_WARN_NON_LITERAL_NULL_CONVERSION = YES;
				CLANG_WARN_OBJC_IMPLICIT_RETAIN_SELF = YES;
				CLANG_WARN_OBJC_LITERAL_CONVERSION = YES;
				CLANG_WARN_OBJC_ROOT_CLASS = YES_ERROR;
				CLANG_WARN_QUOTED_INCLUDE_IN_FRAMEWORK_HEADER = YES;
				CLANG_WARN_RANGE_LOOP_ANALYSIS = YES;
				CLANG_WARN_STRICT_PROTOTYPES = YES;
				CLANG_WARN_SUSPICIOUS_MOVE = YES;
				CLANG_WARN_UNGUARDED_AVAILABILITY = YES_AGGRESSIVE;
				CLANG_WARN_UNREACHABLE_CODE = YES;
				CLANG_WARN__DUPLICATE_METHOD_MATCH = YES;
				COPY_PHASE_STRIP = NO;
				DEBUG_INFORMATION_FORMAT = dwarf;
				ENABLE_STRICT_OBJC_MSGSEND = YES;
				ENABLE_TESTABILITY = YES;
				GCC_C_LANGUAGE_STANDARD = gnu11;
				GCC_DYNAMIC_NO_PIC = NO;
				GCC_NO_COMMON_BLOCKS = YES;
				GCC_OPTIMIZATION_LEVEL = 0;
				GCC_PREPROCESSOR_DEFINITIONS = (
					"DEBUG=1",
					"$(inherited)",
				);
				GCC_WARN_64_TO_32_BIT_CONVERSION = YES;
				GCC_WARN_ABOUT_RETURN_TYPE = YES_ERROR;
				GCC_WARN_UNDECLARED_SELECTOR = YES;
				GCC_WARN_UNINITIALIZED_AUTOS = YES_AGGRESSIVE;
				GCC_WARN_UNUSED_FUNCTION = YES;
				GCC_WARN_UNUSED_VARIABLE = YES;
				IPHONEOS_DEPLOYMENT_TARGET = 15.4;
				MTL_ENABLE_DEBUG_INFO = INCLUDE_SOURCE;
				MTL_FAST_MATH = YES;
				ONLY_ACTIVE_ARCH = YES;
				SDKROOT = iphoneos;
				SWIFT_ACTIVE_COMPILATION_CONDITIONS = DEBUG;
				SWIFT_OPTIMIZATION_LEVEL = "-Onone";
			};
			name = Debug;
		};
		29FD5483284E383000BC3A0E /* Release */ = {
			isa = XCBuildConfiguration;
			buildSettings = {
				ALWAYS_SEARCH_USER_PATHS = NO;
				CLANG_ANALYZER_NONNULL = YES;
				CLANG_ANALYZER_NUMBER_OBJECT_CONVERSION = YES_AGGRESSIVE;
				CLANG_CXX_LANGUAGE_STANDARD = "gnu++17";
				CLANG_ENABLE_MODULES = YES;
				CLANG_ENABLE_OBJC_ARC = YES;
				CLANG_ENABLE_OBJC_WEAK = YES;
				CLANG_WARN_BLOCK_CAPTURE_AUTORELEASING = YES;
				CLANG_WARN_BOOL_CONVERSION = YES;
				CLANG_WARN_COMMA = YES;
				CLANG_WARN_CONSTANT_CONVERSION = YES;
				CLANG_WARN_DEPRECATED_OBJC_IMPLEMENTATIONS = YES;
				CLANG_WARN_DIRECT_OBJC_ISA_USAGE = YES_ERROR;
				CLANG_WARN_DOCUMENTATION_COMMENTS = YES;
				CLANG_WARN_EMPTY_BODY = YES;
				CLANG_WARN_ENUM_CONVERSION = YES;
				CLANG_WARN_INFINITE_RECURSION = YES;
				CLANG_WARN_INT_CONVERSION = YES;
				CLANG_WARN_NON_LITERAL_NULL_CONVERSION = YES;
				CLANG_WARN_OBJC_IMPLICIT_RETAIN_SELF = YES;
				CLANG_WARN_OBJC_LITERAL_CONVERSION = YES;
				CLANG_WARN_OBJC_ROOT_CLASS = YES_ERROR;
				CLANG_WARN_QUOTED_INCLUDE_IN_FRAMEWORK_HEADER = YES;
				CLANG_WARN_RANGE_LOOP_ANALYSIS = YES;
				CLANG_WARN_STRICT_PROTOTYPES = YES;
				CLANG_WARN_SUSPICIOUS_MOVE = YES;
				CLANG_WARN_UNGUARDED_AVAILABILITY = YES_AGGRESSIVE;
				CLANG_WARN_UNREACHABLE_CODE = YES;
				CLANG_WARN__DUPLICATE_METHOD_MATCH = YES;
				COPY_PHASE_STRIP = NO;
				DEBUG_INFORMATION_FORMAT = "dwarf-with-dsym";
				ENABLE_NS_ASSERTIONS = NO;
				ENABLE_STRICT_OBJC_MSGSEND = YES;
				GCC_C_LANGUAGE_STANDARD = gnu11;
				GCC_NO_COMMON_BLOCKS = YES;
				GCC_WARN_64_TO_32_BIT_CONVERSION = YES;
				GCC_WARN_ABOUT_RETURN_TYPE = YES_ERROR;
				GCC_WARN_UNDECLARED_SELECTOR = YES;
				GCC_WARN_UNINITIALIZED_AUTOS = YES_AGGRESSIVE;
				GCC_WARN_UNUSED_FUNCTION = YES;
				GCC_WARN_UNUSED_VARIABLE = YES;
				IPHONEOS_DEPLOYMENT_TARGET = 15.4;
				MTL_ENABLE_DEBUG_INFO = NO;
				MTL_FAST_MATH = YES;
				SDKROOT = iphoneos;
				SWIFT_COMPILATION_MODE = wholemodule;
				SWIFT_OPTIMIZATION_LEVEL = "-O";
				VALIDATE_PRODUCT = YES;
			};
			name = Release;
		};
		29FD5485284E383000BC3A0E /* Debug */ = {
			isa = XCBuildConfiguration;
			buildSettings = {
				ASSETCATALOG_COMPILER_APPICON_NAME = AppIcon;
				ASSETCATALOG_COMPILER_GLOBAL_ACCENT_COLOR_NAME = AccentColor;
				CODE_SIGN_STYLE = Automatic;
				CURRENT_PROJECT_VERSION = 1;
				DEVELOPMENT_ASSET_PATHS = "\"GameStream/Preview Content\"";
				DEVELOPMENT_TEAM = 7NE5HN3EQ8;
				ENABLE_PREVIEWS = YES;
				GENERATE_INFOPLIST_FILE = YES;
				INFOPLIST_KEY_LSApplicationCategoryType = "public.app-category.social-networking";
				INFOPLIST_KEY_UIApplicationSceneManifest_Generation = YES;
				INFOPLIST_KEY_UIApplicationSupportsIndirectInputEvents = YES;
				INFOPLIST_KEY_UILaunchScreen_Generation = YES;
				INFOPLIST_KEY_UISupportedInterfaceOrientations_iPad = "UIInterfaceOrientationPortrait UIInterfaceOrientationPortraitUpsideDown UIInterfaceOrientationLandscapeLeft UIInterfaceOrientationLandscapeRight";
				INFOPLIST_KEY_UISupportedInterfaceOrientations_iPhone = "UIInterfaceOrientationPortrait UIInterfaceOrientationLandscapeLeft UIInterfaceOrientationLandscapeRight";
				LD_RUNPATH_SEARCH_PATHS = (
					"$(inherited)",
					"@executable_path/Frameworks",
				);
				MARKETING_VERSION = 1.0;
				PRODUCT_BUNDLE_IDENTIFIER = com.jhony.GameStream;
				PRODUCT_NAME = "$(TARGET_NAME)";
				SWIFT_EMIT_LOC_STRINGS = YES;
				SWIFT_VERSION = 5.0;
				TARGETED_DEVICE_FAMILY = "1,2";
			};
			name = Debug;
		};
		29FD5486284E383000BC3A0E /* Release */ = {
			isa = XCBuildConfiguration;
			buildSettings = {
				ASSETCATALOG_COMPILER_APPICON_NAME = AppIcon;
				ASSETCATALOG_COMPILER_GLOBAL_ACCENT_COLOR_NAME = AccentColor;
				CODE_SIGN_STYLE = Automatic;
				CURRENT_PROJECT_VERSION = 1;
				DEVELOPMENT_ASSET_PATHS = "\"GameStream/Preview Content\"";
				DEVELOPMENT_TEAM = 7NE5HN3EQ8;
				ENABLE_PREVIEWS = YES;
				GENERATE_INFOPLIST_FILE = YES;
				INFOPLIST_KEY_LSApplicationCategoryType = "public.app-category.social-networking";
				INFOPLIST_KEY_UIApplicationSceneManifest_Generation = YES;
				INFOPLIST_KEY_UIApplicationSupportsIndirectInputEvents = YES;
				INFOPLIST_KEY_UILaunchScreen_Generation = YES;
				INFOPLIST_KEY_UISupportedInterfaceOrientations_iPad = "UIInterfaceOrientationPortrait UIInterfaceOrientationPortraitUpsideDown UIInterfaceOrientationLandscapeLeft UIInterfaceOrientationLandscapeRight";
				INFOPLIST_KEY_UISupportedInterfaceOrientations_iPhone = "UIInterfaceOrientationPortrait UIInterfaceOrientationLandscapeLeft UIInterfaceOrientationLandscapeRight";
				LD_RUNPATH_SEARCH_PATHS = (
					"$(inherited)",
					"@executable_path/Frameworks",
				);
				MARKETING_VERSION = 1.0;
				PRODUCT_BUNDLE_IDENTIFIER = com.jhony.GameStream;
				PRODUCT_NAME = "$(TARGET_NAME)";
				SWIFT_EMIT_LOC_STRINGS = YES;
				SWIFT_VERSION = 5.0;
				TARGETED_DEVICE_FAMILY = "1,2";
			};
			name = Release;
		};
/* End XCBuildConfiguration section */

/* Begin XCConfigurationList section */
		29FD5471284E382E00BC3A0E /* Build configuration list for PBXProject "GameStream" */ = {
			isa = XCConfigurationList;
			buildConfigurations = (
				29FD5482284E383000BC3A0E /* Debug */,
				29FD5483284E383000BC3A0E /* Release */,
			);
			defaultConfigurationIsVisible = 0;
			defaultConfigurationName = Release;
		};
		29FD5484284E383000BC3A0E /* Build configuration list for PBXNativeTarget "GameStream" */ = {
			isa = XCConfigurationList;
			buildConfigurations = (
				29FD5485284E383000BC3A0E /* Debug */,
				29FD5486284E383000BC3A0E /* Release */,
			);
			defaultConfigurationIsVisible = 0;
			defaultConfigurationName = Release;
		};
/* End XCConfigurationList section */

/* Begin XCRemoteSwiftPackageReference section */
		290F57D128550C5200CEC731 /* XCRemoteSwiftPackageReference "Kingfisher" */ = {
			isa = XCRemoteSwiftPackageReference;
			repositoryURL = "https://github.com/onevcat/Kingfisher";
			requirement = {
				kind = upToNextMajorVersion;
				minimumVersion = 7.0.0;
			};
		};
/* End XCRemoteSwiftPackageReference section */

/* Begin XCSwiftPackageProductDependency section */
		290F57D228550C5200CEC731 /* Kingfisher */ = {
			isa = XCSwiftPackageProductDependency;
			package = 290F57D128550C5200CEC731 /* XCRemoteSwiftPackageReference "Kingfisher" */;
			productName = Kingfisher;
		};
/* End XCSwiftPackageProductDependency section */
	};
	rootObject = 29FD546E284E382E00BC3A0E /* Project object */;
}
